
Microsoft Visual Studio Solution File, Format Version 12.00
Project("{FAE04EC0-301F-11D3-BF4B-00C04F79EFBC}") = "ImSharp", "ImSharp\ImSharp.csproj", "{1023A01D-E180-4319-9384-A69F2FCC6988}"
EndProject
Project("{FAE04EC0-301F-11D3-BF4B-00C04F79EFBC}") = "ImSharpGenerator", "ImSharpGenerator\ImSharpGenerator.csproj", "{150854C2-7C30-4B45-99C6-A6A57C8DF973}"
EndProject
Global
	GlobalSection(SolutionConfigurationPlatforms) = preSolution
		Debug|Any CPU = Debug|Any CPU
		Release|Any CPU = Release|Any CPU
	EndGlobalSection
	GlobalSection(ProjectConfigurationPlatforms) = postSolution
		{1023A01D-E180-4319-9384-A69F2FCC6988}.Debug|Any CPU.ActiveCfg = Debug|Any CPU
		{1023A01D-E180-4319-9384-A69F2FCC6988}.Debug|Any CPU.Build.0 = Debug|Any CPU
		{1023A01D-E180-4319-9384-A69F2FCC6988}.Release|Any CPU.ActiveCfg = Release|Any CPU
		{1023A01D-E180-4319-9384-A69F2FCC6988}.Release|Any CPU.Build.0 = Release|Any CPU
		{150854C2-7C30-4B45-99C6-A6A57C8DF973}.Debug|Any CPU.ActiveCfg = Debug|Any CPU
		{150854C2-7C30-4B45-99C6-A6A57C8DF973}.Debug|Any CPU.Build.0 = Debug|Any CPU
		{150854C2-7C30-4B45-99C6-A6A57C8DF973}.Release|Any CPU.ActiveCfg = Release|Any CPU
		{150854C2-7C30-4B45-99C6-A6A57C8DF973}.Release|Any CPU.Build.0 = Release|Any CPU
	EndGlobalSection
EndGlobal
